
Microsoft Visual Studio Solution File, Format Version 12.00
# Visual Studio Version 17
VisualStudioVersion = 17.14.36121.58
MinimumVisualStudioVersion = 10.0.40219.1
Project("{FAE04EC0-301F-11D3-BF4B-00C04F79EFBC}") = "SemanticKernelCore", "SemanticKernelCore\SemanticKernelCore.csproj", "{3630C673-88F1-4D6D-A100-B0DC373B86BF}"
EndProject
Project("{FAE04EC0-301F-11D3-BF4B-00C04F79EFBC}") = "PizzaOrderPlugin", "PizzaOrderPlugin\PizzaOrderPlugin.csproj", "{5FD5DF34-04D3-1BCA-6C80-51182F14DE1D}"
EndProject
Project("{FAE04EC0-301F-11D3-BF4B-00C04F79EFBC}") = "SemanticKernelAIApplication", "SemanticKernelAIApplication\SemanticKernelAIApplication.csproj", "{B28B9FD7-6ACE-1759-598D-10CBAB9122EC}"
EndProject
Project("{FAE04EC0-301F-11D3-BF4B-00C04F79EFBC}") = "MCPServer", "MCPServer\MCPServer.csproj", "{5A0801BD-20A0-44D1-A8CD-3D39FF6B74A3}"
EndProject
Global
	GlobalSection(SolutionConfigurationPlatforms) = preSolution
		Debug|Any CPU = Debug|Any CPU
		Release|Any CPU = Release|Any CPU
	EndGlobalSection
	GlobalSection(ProjectConfigurationPlatforms) = postSolution
		{3630C673-88F1-4D6D-A100-B0DC373B86BF}.Debug|Any CPU.ActiveCfg = Debug|Any CPU
		{3630C673-88F1-4D6D-A100-B0DC373B86BF}.Debug|Any CPU.Build.0 = Debug|Any CPU
		{3630C673-88F1-4D6D-A100-B0DC373B86BF}.Release|Any CPU.ActiveCfg = Release|Any CPU
		{3630C673-88F1-4D6D-A100-B0DC373B86BF}.Release|Any CPU.Build.0 = Release|Any CPU
		{5FD5DF34-04D3-1BCA-6C80-51182F14DE1D}.Debug|Any CPU.ActiveCfg = Debug|Any CPU
		{5FD5DF34-04D3-1BCA-6C80-51182F14DE1D}.Debug|Any CPU.Build.0 = Debug|Any CPU
		{5FD5DF34-04D3-1BCA-6C80-51182F14DE1D}.Release|Any CPU.ActiveCfg = Release|Any CPU
		{5FD5DF34-04D3-1BCA-6C80-51182F14DE1D}.Release|Any CPU.Build.0 = Release|Any CPU
		{B28B9FD7-6ACE-1759-598D-10CBAB9122EC}.Debug|Any CPU.ActiveCfg = Debug|Any CPU
		{B28B9FD7-6ACE-1759-598D-10CBAB9122EC}.Debug|Any CPU.Build.0 = Debug|Any CPU
		{B28B9FD7-6ACE-1759-598D-10CBAB9122EC}.Release|Any CPU.ActiveCfg = Release|Any CPU
		{B28B9FD7-6ACE-1759-598D-10CBAB9122EC}.Release|Any CPU.Build.0 = Release|Any CPU
		{5A0801BD-20A0-44D1-A8CD-3D39FF6B74A3}.Debug|Any CPU.ActiveCfg = Debug|Any CPU
		{5A0801BD-20A0-44D1-A8CD-3D39FF6B74A3}.Debug|Any CPU.Build.0 = Debug|Any CPU
		{5A0801BD-20A0-44D1-A8CD-3D39FF6B74A3}.Release|Any CPU.ActiveCfg = Release|Any CPU
		{5A0801BD-20A0-44D1-A8CD-3D39FF6B74A3}.Release|Any CPU.Build.0 = Release|Any CPU
	EndGlobalSection
	GlobalSection(SolutionProperties) = preSolution
		HideSolutionNode = FALSE
	EndGlobalSection
	GlobalSection(ExtensibilityGlobals) = postSolution
		SolutionGuid = {49A1A5CC-3ACD-4B1D-86FA-220B339F8CE7}
	EndGlobalSection
EndGlobal
